// !$*UTF8*$!
{
	archiveVersion = 1;
	classes = {
	};
	objectVersion = 46;
	objects = {

/* Begin PBXBuildFile section */
		242938401D9BBA0300D2F79A /* main.m in Sources */ = {isa = PBXBuildFile; fileRef = 2429383F1D9BBA0300D2F79A /* main.m */; };
		242938431D9BBA0300D2F79A /* AppDelegate.m in Sources */ = {isa = PBXBuildFile; fileRef = 242938421D9BBA0300D2F79A /* AppDelegate.m */; };
		242938461D9BBA0300D2F79A /* ViewController.m in Sources */ = {isa = PBXBuildFile; fileRef = 242938451D9BBA0300D2F79A /* ViewController.m */; };
		242938491D9BBA0300D2F79A /* Main.storyboard in Resources */ = {isa = PBXBuildFile; fileRef = 242938471D9BBA0300D2F79A /* Main.storyboard */; };
		2429384B1D9BBA0300D2F79A /* Assets.xcassets in Resources */ = {isa = PBXBuildFile; fileRef = 2429384A1D9BBA0300D2F79A /* Assets.xcassets */; };
		2429384E1D9BBA0300D2F79A /* LaunchScreen.storyboard in Resources */ = {isa = PBXBuildFile; fileRef = 2429384C1D9BBA0300D2F79A /* LaunchScreen.storyboard */; };
/* End PBXBuildFile section */

/* Begin PBXFileReference section */
		2429383B1D9BBA0300D2F79A /* 01-UIProgressView.app */ = {isa = PBXFileReference; explicitFileType = wrapper.application; includeInIndex = 0; path = "01-UIProgressView.app"; sourceTree = BUILT_PRODUCTS_DIR; };
		2429383F1D9BBA0300D2F79A /* main.m */ = {isa = PBXFileReference; lastKnownFileType = sourcecode.c.objc; path = main.m; sourceTree = "<group>"; };
		242938411D9BBA0300D2F79A /* AppDelegate.h */ = {isa = PBXFileReference; lastKnownFileType = sourcecode.c.h; path = AppDelegate.h; sourceTree = "<group>"; };
		242938421D9BBA0300D2F79A /* AppDelegate.m */ = {isa = PBXFileReference; lastKnownFileType = sourcecode.c.objc; path = AppDelegate.m; sourceTree = "<group>"; };
		242938441D9BBA0300D2F79A /* ViewController.h */ = {isa = PBXFileReference; lastKnownFileType = sourcecode.c.h; path = ViewController.h; sourceTree = "<group>"; };
		242938451D9BBA0300D2F79A /* ViewController.m */ = {isa = PBXFileReference; lastKnownFileType = sourcecode.c.objc; path = ViewController.m; sourceTree = "<group>"; };
		242938481D9BBA0300D2F79A /* Base */ = {isa = PBXFileReference; lastKnownFileType = file.storyboard; name = Base; path = Base.lproj/Main.storyboard; sourceTree = "<group>"; };
		2429384A1D9BBA0300D2F79A /* Assets.xcassets */ = {isa = PBXFileReference; lastKnownFileType = folder.assetcatalog; path = Assets.xcassets; sourceTree = "<group>"; };
		2429384D1D9BBA0300D2F79A /* Base */ = {isa = PBXFileReference; lastKnownFileType = file.storyboard; name = Base; path = Base.lproj/LaunchScreen.storyboard; sourceTree = "<group>"; };
		2429384F1D9BBA0300D2F79A /* Info.plist */ = {isa = PBXFileReference; lastKnownFileType = text.plist.xml; path = Info.plist; sourceTree = "<group>"; };
/* End PBXFileReference section */

/* Begin PBXFrameworksBuildPhase section */
		242938381D9BBA0300D2F79A /* Frameworks */ = {
			isa = PBXFrameworksBuildPhase;
			buildActionMask = 2147483647;
			files = (
			);
			runOnlyForDeploymentPostprocessing = 0;
		};
/* End PBXFrameworksBuildPhase section */

/* Begin PBXGroup section */
		242938321D9BBA0300D2F79A = {
			isa = PBXGroup;
			children = (
				2429383D1D9BBA0300D2F79A /* 01-UIProgressView */,
				2429383C1D9BBA0300D2F79A /* Products */,
			);
			sourceTree = "<group>";
		};
		2429383C1D9BBA0300D2F79A /* Products */ = {
			isa = PBXGroup;
			children = (
				2429383B1D9BBA0300D2F79A /* 01-UIProgressView.app */,
			);
			name = Products;
			sourceTree = "<group>";
		};
		2429383D1D9BBA0300D2F79A /* 01-UIProgressView */ = {
			isa = PBXGroup;
			children = (
				242938411D9BBA0300D2F79A /* AppDelegate.h */,
				242938421D9BBA0300D2F79A /* AppDelegate.m */,
				242938441D9BBA0300D2F79A /* ViewController.h */,
				242938451D9BBA0300D2F79A /* ViewController.m */,
				242938471D9BBA0300D2F79A /* Main.storyboard */,
				2429384A1D9BBA0300D2F79A /* Assets.xcassets */,
				2429384C1D9BBA0300D2F79A /* LaunchScreen.storyboard */,
				2429384F1D9BBA0300D2F79A /* Info.plist */,
				2429383E1D9BBA0300D2F79A /* Supporting Files */,
			);
			path = "01-UIProgressView";
			sourceTree = "<group>";
		};
		2429383E1D9BBA0300D2F79A /* Supporting Files */ = {
			isa = PBXGroup;
			children = (
				2429383F1D9BBA0300D2F79A /* main.m */,
			);
			name = "Supporting Files";
			sourceTree = "<group>";
		};
/* End PBXGroup section */

/* Begin PBXNativeTarget section */
		2429383A1D9BBA0300D2F79A /* 01-UIProgressView */ = {
			isa = PBXNativeTarget;
			buildConfigurationList = 242938521D9BBA0300D2F79A /* Build configuration list for PBXNativeTarget "01-UIProgressView" */;
			buildPhases = (
				242938371D9BBA0300D2F79A /* Sources */,
				242938381D9BBA0300D2F79A /* Frameworks */,
				242938391D9BBA0300D2F79A /* Resources */,
			);
			buildRules = (
			);
			dependencies = (
			);
			name = "01-UIProgressView";
			productName = "01-UIProgressView";
			productReference = 2429383B1D9BBA0300D2F79A /* 01-UIProgressView.app */;
			productType = "com.apple.product-type.application";
		};
/* End PBXNativeTarget section */

/* Begin PBXProject section */
		242938331D9BBA0300D2F79A /* Project object */ = {
			isa = PBXProject;
			attributes = {
				LastUpgradeCheck = 0800;
				ORGANIZATIONNAME = "闹心";
				TargetAttributes = {
					2429383A1D9BBA0300D2F79A = {
						CreatedOnToolsVersion = 8.0;
						ProvisioningStyle = Automatic;
					};
				};
			};
			buildConfigurationList = 242938361D9BBA0300D2F79A /* Build configuration list for PBXProject "01-UIProgressView" */;
			compatibilityVersion = "Xcode 3.2";
			developmentRegion = English;
			hasScannedForEncodings = 0;
			knownRegions = (
				en,
				Base,
			);
			mainGroup = 242938321D9BBA0300D2F79A;
			productRefGroup = 2429383C1D9BBA0300D2F79A /* Products */;
			projectDirPath = "";
			projectRoot = "";
			targets = (
				2429383A1D9BBA0300D2F79A /* 01-UIProgressView */,
			);
		};
/* End PBXProject section */

/* Begin PBXResourcesBuildPhase section */
		242938391D9BBA0300D2F79A /* Resources */ = {
			isa = PBXResourcesBuildPhase;
			buildActionMask = 2147483647;
			files = (
				2429384E1D9BBA0300D2F79A /* LaunchScreen.storyboard in Resources */,
				2429384B1D9BBA0300D2F79A /* Assets.xcassets in Resources */,
				242938491D9BBA0300D2F79A /* Main.storyboard in Resources */,
			);
			runOnlyForDeploymentPostprocessing = 0;
		};
/* End PBXResourcesBuildPhase section */

/* Begin PBXSourcesBuildPhase section */
		242938371D9BBA0300D2F79A /* Sources */ = {
			isa = PBXSourcesBuildPhase;
			buildActionMask = 2147483647;
			files = (
				242938461D9BBA0300D2F79A /* ViewController.m in Sources */,
				242938431D9BBA0300D2F79A /* AppDelegate.m in Sources */,
				242938401D9BBA0300D2F79A /* main.m in Sources */,
			);
			runOnlyForDeploymentPostprocessing = 0;
		};
/* End PBXSourcesBuildPhase section */

/* Begin PBXVariantGroup section */
		242938471D9BBA0300D2F79A /* Main.storyboard */ = {
			isa = PBXVariantGroup;
			children = (
				242938481D9BBA0300D2F79A /* Base */,
			);
			name = Main.storyboard;
			sourceTree = "<group>";
		};
		2429384C1D9BBA0300D2F79A /* LaunchScreen.storyboard */ = {
			isa = PBXVariantGroup;
			children = (
				2429384D1D9BBA0300D2F79A /* Base */,
			);
			name = LaunchScreen.storyboard;
			sourceTree = "<group>";
		};
/* End PBXVariantGroup section */

/* Begin XCBuildConfiguration section */
		242938501D9BBA0300D2F79A /* Debug */ = {
			isa = XCBuildConfiguration;
			buildSettings = {
				ALWAYS_SEARCH_USER_PATHS = NO;
				CLANG_ANALYZER_NONNULL = YES;
				CLANG_CXX_LANGUAGE_STANDARD = "gnu++0x";
				CLANG_CXX_LIBRARY = "libc++";
				CLANG_ENABLE_MODULES = YES;
				CLANG_ENABLE_OBJC_ARC = YES;
				CLANG_WARN_BOOL_CONVERSION = YES;
				CLANG_WARN_CONSTANT_CONVERSION = YES;
				CLANG_WARN_DIRECT_OBJC_ISA_USAGE = YES_ERROR;
				CLANG_WARN_DOCUMENTATION_COMMENTS = YES;
				CLANG_WARN_EMPTY_BODY = YES;
				CLANG_WARN_ENUM_CONVERSION = YES;
				CLANG_WARN_INFINITE_RECURSION = YES;
				CLANG_WARN_INT_CONVERSION = YES;
				CLANG_WARN_OBJC_ROOT_CLASS = YES_ERROR;
				CLANG_WARN_SUSPICIOUS_MOVES = YES;
				CLANG_WARN_UNREACHABLE_CODE = YES;
				CLANG_WARN__DUPLICATE_METHOD_MATCH = YES;
				"CODE_SIGN_IDENTITY[sdk=iphoneos*]" = "iPhone Developer";
				COPY_PHASE_STRIP = NO;
				DEBUG_INFORMATION_FORMAT = dwarf;
				ENABLE_STRICT_OBJC_MSGSEND = YES;
				ENABLE_TESTABILITY = YES;
				GCC_C_LANGUAGE_STANDARD = gnu99;
				GCC_DYNAMIC_NO_PIC = NO;
				GCC_NO_COMMON_BLOCKS = YES;
				GCC_OPTIMIZATION_LEVEL = 0;
				GCC_PREPROCESSOR_DEFINITIONS = (
					"DEBUG=1",
					"$(inherited)",
				);
				GCC_WARN_64_TO_32_BIT_CONVERSION = YES;
				GCC_WARN_ABOUT_RETURN_TYPE = YES_ERROR;
				GCC_WARN_UNDECLARED_SELECTOR = YES;
				GCC_WARN_UNINITIALIZED_AUTOS = YES_AGGRESSIVE;
				GCC_WARN_UNUSED_FUNCTION = YES;
				GCC_WARN_UNUSED_VARIABLE = YES;
				IPHONEOS_DEPLOYMENT_TARGET = 10.0;
				MTL_ENABLE_DEBUG_INFO = YES;
				ONLY_ACTIVE_ARCH = YES;
				SDKROOT = iphoneos;
			};
			name = Debug;
		};
		242938511D9BBA0300D2F79A /* Release */ = {
			isa = XCBuildConfiguration;
			buildSettings = {
				ALWAYS_SEARCH_USER_PATHS = NO;
				CLANG_ANALYZER_NONNULL = YES;
				CLANG_CXX_LANGUAGE_STANDARD = "gnu++0x";
				CLANG_CXX_LIBRARY = "libc++";
				CLANG_ENABLE_MODULES = YES;
				CLANG_ENABLE_OBJC_ARC = YES;
				CLANG_WARN_BOOL_CONVERSION = YES;
				CLANG_WARN_CONSTANT_CONVERSION = YES;
				CLANG_WARN_DIRECT_OBJC_ISA_USAGE = YES_ERROR;
				CLANG_WARN_DOCUMENTATION_COMMENTS = YES;
				CLANG_WARN_EMPTY_BODY = YES;
				CLANG_WARN_ENUM_CONVERSION = YES;
				CLANG_WARN_INFINITE_RECURSION = YES;
				CLANG_WARN_INT_CONVERSION = YES;
				CLANG_WARN_OBJC_ROOT_CLASS = YES_ERROR;
				CLANG_WARN_SUSPICIOUS_MOVES = YES;
				CLANG_WARN_UNREACHABLE_CODE = YES;
				CLANG_WARN__DUPLICATE_METHOD_MATCH = YES;
				"CODE_SIGN_IDENTITY[sdk=iphoneos*]" = "iPhone Developer";
				COPY_PHASE_STRIP = NO;
				DEBUG_INFORMATION_FORMAT = "dwarf-with-dsym";
				ENABLE_NS_ASSERTIONS = NO;
				ENABLE_STRICT_OBJC_MSGSEND = YES;
				GCC_C_LANGUAGE_STANDARD = gnu99;
				GCC_NO_COMMON_BLOCKS = YES;
				GCC_WARN_64_TO_32_BIT_CONVERSION = YES;
				GCC_WARN_ABOUT_RETURN_TYPE = YES_ERROR;
				GCC_WARN_UNDECLARED_SELECTOR = YES;
				GCC_WARN_UNINITIALIZED_AUTOS = YES_AGGRESSIVE;
				GCC_WARN_UNUSED_FUNCTION = YES;
				GCC_WARN_UNUSED_VARIABLE = YES;
				IPHONEOS_DEPLOYMENT_TARGET = 10.0;
				MTL_ENABLE_DEBUG_INFO = NO;
				SDKROOT = iphoneos;
				VALIDATE_PRODUCT = YES;
			};
			name = Release;
		};
		242938531D9BBA0300D2F79A /* Debug */ = {
			isa = XCBuildConfiguration;
			buildSettings = {
				ASSETCATALOG_COMPILER_APPICON_NAME = AppIcon;
				INFOPLIST_FILE = "01-UIProgressView/Info.plist";
				LD_RUNPATH_SEARCH_PATHS = "$(inherited) @executable_path/Frameworks";
				PRODUCT_BUNDLE_IDENTIFIER = "cn.naoxin.-1-UIProgressView";
				PRODUCT_NAME = "$(TARGET_NAME)";
			};
			name = Debug;
		};
		242938541D9BBA0300D2F79A /* Release */ = {
			isa = XCBuildConfiguration;
			buildSettings = {
				ASSETCATALOG_COMPILER_APPICON_NAME = AppIcon;
				INFOPLIST_FILE = "01-UIProgressView/Info.plist";
				LD_RUNPATH_SEARCH_PATHS = "$(inherited) @executable_path/Frameworks";
				PRODUCT_BUNDLE_IDENTIFIER = "cn.naoxin.-1-UIProgressView";
				PRODUCT_NAME = "$(TARGET_NAME)";
			};
			name = Release;
		};
/* End XCBuildConfiguration section */

/* Begin XCConfigurationList section */
		242938361D9BBA0300D2F79A /* Build configuration list for PBXProject "01-UIProgressView" */ = {
			isa = XCConfigurationList;
			buildConfigurations = (
				242938501D9BBA0300D2F79A /* Debug */,
				242938511D9BBA0300D2F79A /* Release */,
			);
			defaultConfigurationIsVisible = 0;
			defaultConfigurationName = Release;
		};
		242938521D9BBA0300D2F79A /* Build configuration list for PBXNativeTarget "01-UIProgressView" */ = {
			isa = XCConfigurationList;
			buildConfigurations = (
				242938531D9BBA0300D2F79A /* Debug */,
				242938541D9BBA0300D2F79A /* Release */,
			);
			defaultConfigurationIsVisible = 0;
		};
/* End XCConfigurationList section */
	};
	rootObject = 242938331D9BBA0300D2F79A /* Project object */;
}
